
Microsoft Visual Studio Solution File, Format Version 12.00
# Visual Studio Version 17
VisualStudioVersion = 17.7.34202.233
MinimumVisualStudioVersion = 10.0.40219.1
Project("{FAE04EC0-301F-11D3-BF4B-00C04F79EFBC}") = "TicketAugger", "TicketAugger\TicketAugger.csproj", "{79515009-5E0F-482F-9AB9-D1706C10E33C}"
EndProject
Project("{FAE04EC0-301F-11D3-BF4B-00C04F79EFBC}") = "TicketServer", "..\TicketMaster\TicketMaster\TicketServer.csproj", "{D4529F93-F89C-4B39-8C45-A103A7175AE2}"
EndProject
Global
	GlobalSection(SolutionConfigurationPlatforms) = preSolution
		Debug|Any CPU = Debug|Any CPU
		Release|Any CPU = Release|Any CPU
	EndGlobalSection
	GlobalSection(ProjectConfigurationPlatforms) = postSolution
		{79515009-5E0F-482F-9AB9-D1706C10E33C}.Debug|Any CPU.ActiveCfg = Debug|Any CPU
		{79515009-5E0F-482F-9AB9-D1706C10E33C}.Debug|Any CPU.Build.0 = Debug|Any CPU
		{79515009-5E0F-482F-9AB9-D1706C10E33C}.Release|Any CPU.ActiveCfg = Release|Any CPU
		{79515009-5E0F-482F-9AB9-D1706C10E33C}.Release|Any CPU.Build.0 = Release|Any CPU
		{D4529F93-F89C-4B39-8C45-A103A7175AE2}.Debug|Any CPU.ActiveCfg = Debug|Any CPU
		{D4529F93-F89C-4B39-8C45-A103A7175AE2}.Debug|Any CPU.Build.0 = Debug|Any CPU
		{D4529F93-F89C-4B39-8C45-A103A7175AE2}.Release|Any CPU.ActiveCfg = Release|Any CPU
		{D4529F93-F89C-4B39-8C45-A103A7175AE2}.Release|Any CPU.Build.0 = Release|Any CPU
	EndGlobalSection
	GlobalSection(SolutionProperties) = preSolution
		HideSolutionNode = FALSE
	EndGlobalSection
	GlobalSection(ExtensibilityGlobals) = postSolution
		SolutionGuid = {51C14F3C-79C9-4825-A62B-0C62CD96C6DC}
	EndGlobalSection
EndGlobal
